// !$*UTF8*$!
{
	archiveVersion = 1;
	classes = {
	};
	objectVersion = 56;
	objects = {

/* Begin PBXBuildFile section */
		0AA036F62A7A5D6F008FB4BB /* AppDelegate.swift in Sources */ = {isa = PBXBuildFile; fileRef = 0AA036F52A7A5D6F008FB4BB /* AppDelegate.swift */; };
		0AA036FA2A7A5D6F008FB4BB /* MainVC.swift in Sources */ = {isa = PBXBuildFile; fileRef = 0AA036F92A7A5D6F008FB4BB /* MainVC.swift */; };
		0AA036FF2A7A5D72008FB4BB /* Assets.xcassets in Resources */ = {isa = PBXBuildFile; fileRef = 0AA036FE2A7A5D72008FB4BB /* Assets.xcassets */; };
		0AA037022A7A5D72008FB4BB /* LaunchScreen.storyboard in Resources */ = {isa = PBXBuildFile; fileRef = 0AA037002A7A5D72008FB4BB /* LaunchScreen.storyboard */; };
		0AA0370D2A7A6121008FB4BB /* MainViewModel.swift in Sources */ = {isa = PBXBuildFile; fileRef = 0AA0370C2A7A6121008FB4BB /* MainViewModel.swift */; };
		0AA0370F2A7A6133008FB4BB /* MainCar.swift in Sources */ = {isa = PBXBuildFile; fileRef = 0AA0370E2A7A6133008FB4BB /* MainCar.swift */; };
		0AA037142A7A702D008FB4BB /* CustomCollectionViewCell.swift in Sources */ = {isa = PBXBuildFile; fileRef = 0AA037132A7A702D008FB4BB /* CustomCollectionViewCell.swift */; };
		0AA037162A7AB9A1008FB4BB /* CustomSpinnerSimple.swift in Sources */ = {isa = PBXBuildFile; fileRef = 0AA037152A7AB9A1008FB4BB /* CustomSpinnerSimple.swift */; };
		0AA037182A7AC954008FB4BB /* ModuleBuilder.swift in Sources */ = {isa = PBXBuildFile; fileRef = 0AA037172A7AC954008FB4BB /* ModuleBuilder.swift */; };
		0AA0371B2A7ACAD1008FB4BB /* Router.swift in Sources */ = {isa = PBXBuildFile; fileRef = 0AA0371A2A7ACAD1008FB4BB /* Router.swift */; };
		0AA0371E2A7ACE11008FB4BB /* NetworkManager.swift in Sources */ = {isa = PBXBuildFile; fileRef = 0AA0371D2A7ACE11008FB4BB /* NetworkManager.swift */; };
		0AA037212A7B3E5C008FB4BB /* UIImageView+Extention.swift in Sources */ = {isa = PBXBuildFile; fileRef = 0AA037202A7B3E5C008FB4BB /* UIImageView+Extention.swift */; };
		0AA037242A7B6284008FB4BB /* DetailVC.swift in Sources */ = {isa = PBXBuildFile; fileRef = 0AA037232A7B6284008FB4BB /* DetailVC.swift */; };
		0AA037262A7B62A2008FB4BB /* DetailViewModel.swift in Sources */ = {isa = PBXBuildFile; fileRef = 0AA037252A7B62A2008FB4BB /* DetailViewModel.swift */; };
		0AA0372A2A7BF952008FB4BB /* ListItem.swift in Sources */ = {isa = PBXBuildFile; fileRef = 0AA037292A7BF952008FB4BB /* ListItem.swift */; };
		0AA0372C2A7BF96F008FB4BB /* ListSection.swift in Sources */ = {isa = PBXBuildFile; fileRef = 0AA0372B2A7BF96F008FB4BB /* ListSection.swift */; };
		0AA0372F2A7BF9DB008FB4BB /* CellForUserInfo.swift in Sources */ = {isa = PBXBuildFile; fileRef = 0AA0372E2A7BF9DB008FB4BB /* CellForUserInfo.swift */; };
		0AA037312A7BFA48008FB4BB /* CellForComments.swift in Sources */ = {isa = PBXBuildFile; fileRef = 0AA037302A7BFA48008FB4BB /* CellForComments.swift */; };
		0AA037372A7C32DB008FB4BB /* HelperForCollectionView.swift in Sources */ = {isa = PBXBuildFile; fileRef = 0AA037362A7C32DB008FB4BB /* HelperForCollectionView.swift */; };
		0AA0373A2A7C369E008FB4BB /* MainInfoAboutCar.swift in Sources */ = {isa = PBXBuildFile; fileRef = 0AA037392A7C369E008FB4BB /* MainInfoAboutCar.swift */; };
		0AA0373C2A7C6BB1008FB4BB /* Post.swift in Sources */ = {isa = PBXBuildFile; fileRef = 0AA0373B2A7C6BB1008FB4BB /* Post.swift */; };
/* End PBXBuildFile section */

/* Begin PBXFileReference section */
		0AA036F22A7A5D6F008FB4BB /* testCars.app */ = {isa = PBXFileReference; explicitFileType = wrapper.application; includeInIndex = 0; path = testCars.app; sourceTree = BUILT_PRODUCTS_DIR; };
		0AA036F52A7A5D6F008FB4BB /* AppDelegate.swift */ = {isa = PBXFileReference; lastKnownFileType = sourcecode.swift; path = AppDelegate.swift; sourceTree = "<group>"; };
		0AA036F92A7A5D6F008FB4BB /* MainVC.swift */ = {isa = PBXFileReference; lastKnownFileType = sourcecode.swift; path = MainVC.swift; sourceTree = "<group>"; };
		0AA036FE2A7A5D72008FB4BB /* Assets.xcassets */ = {isa = PBXFileReference; lastKnownFileType = folder.assetcatalog; path = Assets.xcassets; sourceTree = "<group>"; };
		0AA037012A7A5D72008FB4BB /* Base */ = {isa = PBXFileReference; lastKnownFileType = file.storyboard; name = Base; path = Base.lproj/LaunchScreen.storyboard; sourceTree = "<group>"; };
		0AA037032A7A5D72008FB4BB /* Info.plist */ = {isa = PBXFileReference; lastKnownFileType = text.plist.xml; path = Info.plist; sourceTree = "<group>"; };
		0AA0370C2A7A6121008FB4BB /* MainViewModel.swift */ = {isa = PBXFileReference; lastKnownFileType = sourcecode.swift; path = MainViewModel.swift; sourceTree = "<group>"; };
		0AA0370E2A7A6133008FB4BB /* MainCar.swift */ = {isa = PBXFileReference; lastKnownFileType = sourcecode.swift; path = MainCar.swift; sourceTree = "<group>"; };
		0AA037132A7A702D008FB4BB /* CustomCollectionViewCell.swift */ = {isa = PBXFileReference; lastKnownFileType = sourcecode.swift; path = CustomCollectionViewCell.swift; sourceTree = "<group>"; };
		0AA037152A7AB9A1008FB4BB /* CustomSpinnerSimple.swift */ = {isa = PBXFileReference; lastKnownFileType = sourcecode.swift; path = CustomSpinnerSimple.swift; sourceTree = "<group>"; };
		0AA037172A7AC954008FB4BB /* ModuleBuilder.swift */ = {isa = PBXFileReference; lastKnownFileType = sourcecode.swift; path = ModuleBuilder.swift; sourceTree = "<group>"; };
		0AA0371A2A7ACAD1008FB4BB /* Router.swift */ = {isa = PBXFileReference; lastKnownFileType = sourcecode.swift; path = Router.swift; sourceTree = "<group>"; };
		0AA0371D2A7ACE11008FB4BB /* NetworkManager.swift */ = {isa = PBXFileReference; lastKnownFileType = sourcecode.swift; path = NetworkManager.swift; sourceTree = "<group>"; };
		0AA037202A7B3E5C008FB4BB /* UIImageView+Extention.swift */ = {isa = PBXFileReference; lastKnownFileType = sourcecode.swift; path = "UIImageView+Extention.swift"; sourceTree = "<group>"; };
		0AA037232A7B6284008FB4BB /* DetailVC.swift */ = {isa = PBXFileReference; lastKnownFileType = sourcecode.swift; path = DetailVC.swift; sourceTree = "<group>"; };
		0AA037252A7B62A2008FB4BB /* DetailViewModel.swift */ = {isa = PBXFileReference; lastKnownFileType = sourcecode.swift; path = DetailViewModel.swift; sourceTree = "<group>"; };
		0AA037292A7BF952008FB4BB /* ListItem.swift */ = {isa = PBXFileReference; lastKnownFileType = sourcecode.swift; path = ListItem.swift; sourceTree = "<group>"; };
		0AA0372B2A7BF96F008FB4BB /* ListSection.swift */ = {isa = PBXFileReference; lastKnownFileType = sourcecode.swift; path = ListSection.swift; sourceTree = "<group>"; };
		0AA0372E2A7BF9DB008FB4BB /* CellForUserInfo.swift */ = {isa = PBXFileReference; lastKnownFileType = sourcecode.swift; path = CellForUserInfo.swift; sourceTree = "<group>"; };
		0AA037302A7BFA48008FB4BB /* CellForComments.swift */ = {isa = PBXFileReference; lastKnownFileType = sourcecode.swift; path = CellForComments.swift; sourceTree = "<group>"; };
		0AA037362A7C32DB008FB4BB /* HelperForCollectionView.swift */ = {isa = PBXFileReference; lastKnownFileType = sourcecode.swift; path = HelperForCollectionView.swift; sourceTree = "<group>"; };
		0AA037392A7C369E008FB4BB /* MainInfoAboutCar.swift */ = {isa = PBXFileReference; lastKnownFileType = sourcecode.swift; path = MainInfoAboutCar.swift; sourceTree = "<group>"; };
		0AA0373B2A7C6BB1008FB4BB /* Post.swift */ = {isa = PBXFileReference; lastKnownFileType = sourcecode.swift; path = Post.swift; sourceTree = "<group>"; };
/* End PBXFileReference section */

/* Begin PBXFrameworksBuildPhase section */
		0AA036EF2A7A5D6F008FB4BB /* Frameworks */ = {
			isa = PBXFrameworksBuildPhase;
			buildActionMask = 2147483647;
			files = (
			);
			runOnlyForDeploymentPostprocessing = 0;
		};
/* End PBXFrameworksBuildPhase section */

/* Begin PBXGroup section */
		0A16371E2A7CD41D00AB067B /* Api */ = {
			isa = PBXGroup;
			children = (
				0AA0371D2A7ACE11008FB4BB /* NetworkManager.swift */,
			);
			path = Api;
			sourceTree = "<group>";
		};
		0A16371F2A7CD4B300AB067B /* CustomViews */ = {
			isa = PBXGroup;
			children = (
				0AA037152A7AB9A1008FB4BB /* CustomSpinnerSimple.swift */,
			);
			path = CustomViews;
			sourceTree = "<group>";
		};
		0AA036E92A7A5D6F008FB4BB = {
			isa = PBXGroup;
			children = (
				0AA036F42A7A5D6F008FB4BB /* testCars */,
				0AA036F32A7A5D6F008FB4BB /* Products */,
			);
			sourceTree = "<group>";
		};
		0AA036F32A7A5D6F008FB4BB /* Products */ = {
			isa = PBXGroup;
			children = (
				0AA036F22A7A5D6F008FB4BB /* testCars.app */,
			);
			name = Products;
			sourceTree = "<group>";
		};
		0AA036F42A7A5D6F008FB4BB /* testCars */ = {
			isa = PBXGroup;
			children = (
				0AA037222A7B626F008FB4BB /* DetailModule */,
				0AA037122A7A6164008FB4BB /* MainModule */,
				0AA037192A7AC960008FB4BB /* Builder */,
				0AA0371C2A7ACB9B008FB4BB /* Routing */,
				0A16371F2A7CD4B300AB067B /* CustomViews */,
				0A16371E2A7CD41D00AB067B /* Api */,
				0AA0371F2A7B3E3B008FB4BB /* Extentions */,
				0AA0370A2A7A601E008FB4BB /* Application */,
				0AA037092A7A6011008FB4BB /* Resources */,
			);
			path = testCars;
			sourceTree = "<group>";
		};
		0AA037092A7A6011008FB4BB /* Resources */ = {
			isa = PBXGroup;
			children = (
				0AA036FE2A7A5D72008FB4BB /* Assets.xcassets */,
				0AA037002A7A5D72008FB4BB /* LaunchScreen.storyboard */,
				0AA037032A7A5D72008FB4BB /* Info.plist */,
			);
			path = Resources;
			sourceTree = "<group>";
		};
		0AA0370A2A7A601E008FB4BB /* Application */ = {
			isa = PBXGroup;
			children = (
				0AA036F52A7A5D6F008FB4BB /* AppDelegate.swift */,
			);
			path = Application;
			sourceTree = "<group>";
		};
		0AA0370B2A7A6106008FB4BB /* View */ = {
			isa = PBXGroup;
			children = (
				0AA036F92A7A5D6F008FB4BB /* MainVC.swift */,
				0AA037132A7A702D008FB4BB /* CustomCollectionViewCell.swift */,
			);
			path = View;
			sourceTree = "<group>";
		};
		0AA037102A7A6137008FB4BB /* Model */ = {
			isa = PBXGroup;
			children = (
				0AA0370E2A7A6133008FB4BB /* MainCar.swift */,
			);
			path = Model;
			sourceTree = "<group>";
		};
		0AA037112A7A613D008FB4BB /* ViewModel */ = {
			isa = PBXGroup;
			children = (
				0AA0370C2A7A6121008FB4BB /* MainViewModel.swift */,
			);
			path = ViewModel;
			sourceTree = "<group>";
		};
		0AA037122A7A6164008FB4BB /* MainModule */ = {
			isa = PBXGroup;
			children = (
				0AA037102A7A6137008FB4BB /* Model */,
				0AA0370B2A7A6106008FB4BB /* View */,
				0AA037112A7A613D008FB4BB /* ViewModel */,
			);
			path = MainModule;
			sourceTree = "<group>";
		};
		0AA037192A7AC960008FB4BB /* Builder */ = {
			isa = PBXGroup;
			children = (
				0AA037172A7AC954008FB4BB /* ModuleBuilder.swift */,
			);
			path = Builder;
			sourceTree = "<group>";
		};
		0AA0371C2A7ACB9B008FB4BB /* Routing */ = {
			isa = PBXGroup;
			children = (
				0AA0371A2A7ACAD1008FB4BB /* Router.swift */,
			);
			path = Routing;
			sourceTree = "<group>";
		};
		0AA0371F2A7B3E3B008FB4BB /* Extentions */ = {
			isa = PBXGroup;
			children = (
				0AA037202A7B3E5C008FB4BB /* UIImageView+Extention.swift */,
			);
			path = Extentions;
			sourceTree = "<group>";
		};
		0AA037222A7B626F008FB4BB /* DetailModule */ = {
			isa = PBXGroup;
			children = (
				0AA037382A7C3660008FB4BB /* Model */,
				0AA037282A7B62AD008FB4BB /* View */,
				0AA037272A7B62A6008FB4BB /* ViewModel */,
				0AA0372D2A7BF9AD008FB4BB /* Cells */,
				0AA037292A7BF952008FB4BB /* ListItem.swift */,
				0AA0372B2A7BF96F008FB4BB /* ListSection.swift */,
				0AA037362A7C32DB008FB4BB /* HelperForCollectionView.swift */,
			);
			path = DetailModule;
			sourceTree = "<group>";
		};
		0AA037272A7B62A6008FB4BB /* ViewModel */ = {
			isa = PBXGroup;
			children = (
				0AA037252A7B62A2008FB4BB /* DetailViewModel.swift */,
			);
			path = ViewModel;
			sourceTree = "<group>";
		};
		0AA037282A7B62AD008FB4BB /* View */ = {
			isa = PBXGroup;
			children = (
				0AA037232A7B6284008FB4BB /* DetailVC.swift */,
			);
			path = View;
			sourceTree = "<group>";
		};
		0AA0372D2A7BF9AD008FB4BB /* Cells */ = {
			isa = PBXGroup;
			children = (
				0AA0372E2A7BF9DB008FB4BB /* CellForUserInfo.swift */,
				0AA037302A7BFA48008FB4BB /* CellForComments.swift */,
			);
			path = Cells;
			sourceTree = "<group>";
		};
		0AA037382A7C3660008FB4BB /* Model */ = {
			isa = PBXGroup;
			children = (
				0AA037392A7C369E008FB4BB /* MainInfoAboutCar.swift */,
				0AA0373B2A7C6BB1008FB4BB /* Post.swift */,
			);
			path = Model;
			sourceTree = "<group>";
		};
/* End PBXGroup section */

/* Begin PBXNativeTarget section */
		0AA036F12A7A5D6F008FB4BB /* testCars */ = {
			isa = PBXNativeTarget;
			buildConfigurationList = 0AA037062A7A5D72008FB4BB /* Build configuration list for PBXNativeTarget "testCars" */;
			buildPhases = (
				0AA036EE2A7A5D6F008FB4BB /* Sources */,
				0AA036EF2A7A5D6F008FB4BB /* Frameworks */,
				0AA036F02A7A5D6F008FB4BB /* Resources */,
			);
			buildRules = (
			);
			dependencies = (
			);
			name = testCars;
			productName = testCars;
			productReference = 0AA036F22A7A5D6F008FB4BB /* testCars.app */;
			productType = "com.apple.product-type.application";
		};
/* End PBXNativeTarget section */

/* Begin PBXProject section */
		0AA036EA2A7A5D6F008FB4BB /* Project object */ = {
			isa = PBXProject;
			attributes = {
				BuildIndependentTargetsInParallel = 1;
				LastSwiftUpdateCheck = 1430;
				LastUpgradeCheck = 1430;
				TargetAttributes = {
					0AA036F12A7A5D6F008FB4BB = {
						CreatedOnToolsVersion = 14.3.1;
					};
				};
			};
			buildConfigurationList = 0AA036ED2A7A5D6F008FB4BB /* Build configuration list for PBXProject "testCars" */;
			compatibilityVersion = "Xcode 14.0";
			developmentRegion = en;
			hasScannedForEncodings = 0;
			knownRegions = (
				en,
				Base,
			);
			mainGroup = 0AA036E92A7A5D6F008FB4BB;
			productRefGroup = 0AA036F32A7A5D6F008FB4BB /* Products */;
			projectDirPath = "";
			projectRoot = "";
			targets = (
				0AA036F12A7A5D6F008FB4BB /* testCars */,
			);
		};
/* End PBXProject section */

/* Begin PBXResourcesBuildPhase section */
		0AA036F02A7A5D6F008FB4BB /* Resources */ = {
			isa = PBXResourcesBuildPhase;
			buildActionMask = 2147483647;
			files = (
				0AA037022A7A5D72008FB4BB /* LaunchScreen.storyboard in Resources */,
				0AA036FF2A7A5D72008FB4BB /* Assets.xcassets in Resources */,
			);
			runOnlyForDeploymentPostprocessing = 0;
		};
/* End PBXResourcesBuildPhase section */

/* Begin PBXSourcesBuildPhase section */
		0AA036EE2A7A5D6F008FB4BB /* Sources */ = {
			isa = PBXSourcesBuildPhase;
			buildActionMask = 2147483647;
			files = (
				0AA0371E2A7ACE11008FB4BB /* NetworkManager.swift in Sources */,
				0AA0371B2A7ACAD1008FB4BB /* Router.swift in Sources */,
				0AA037242A7B6284008FB4BB /* DetailVC.swift in Sources */,
				0AA0373A2A7C369E008FB4BB /* MainInfoAboutCar.swift in Sources */,
				0AA0370F2A7A6133008FB4BB /* MainCar.swift in Sources */,
				0AA037142A7A702D008FB4BB /* CustomCollectionViewCell.swift in Sources */,
				0AA0372C2A7BF96F008FB4BB /* ListSection.swift in Sources */,
				0AA037162A7AB9A1008FB4BB /* CustomSpinnerSimple.swift in Sources */,
				0AA036FA2A7A5D6F008FB4BB /* MainVC.swift in Sources */,
				0AA037262A7B62A2008FB4BB /* DetailViewModel.swift in Sources */,
				0AA0372F2A7BF9DB008FB4BB /* CellForUserInfo.swift in Sources */,
				0AA037372A7C32DB008FB4BB /* HelperForCollectionView.swift in Sources */,
				0AA037182A7AC954008FB4BB /* ModuleBuilder.swift in Sources */,
				0AA037212A7B3E5C008FB4BB /* UIImageView+Extention.swift in Sources */,
				0AA0372A2A7BF952008FB4BB /* ListItem.swift in Sources */,
				0AA037312A7BFA48008FB4BB /* CellForComments.swift in Sources */,
				0AA0373C2A7C6BB1008FB4BB /* Post.swift in Sources */,
				0AA036F62A7A5D6F008FB4BB /* AppDelegate.swift in Sources */,
				0AA0370D2A7A6121008FB4BB /* MainViewModel.swift in Sources */,
			);
			runOnlyForDeploymentPostprocessing = 0;
		};
/* End PBXSourcesBuildPhase section */

/* Begin PBXVariantGroup section */
		0AA037002A7A5D72008FB4BB /* LaunchScreen.storyboard */ = {
			isa = PBXVariantGroup;
			children = (
				0AA037012A7A5D72008FB4BB /* Base */,
			);
			name = LaunchScreen.storyboard;
			sourceTree = "<group>";
		};
/* End PBXVariantGroup section */

/* Begin XCBuildConfiguration section */
		0AA037042A7A5D72008FB4BB /* Debug */ = {
			isa = XCBuildConfiguration;
			buildSettings = {
				ALWAYS_SEARCH_USER_PATHS = NO;
				CLANG_ANALYZER_NONNULL = YES;
				CLANG_ANALYZER_NUMBER_OBJECT_CONVERSION = YES_AGGRESSIVE;
				CLANG_CXX_LANGUAGE_STANDARD = "gnu++20";
				CLANG_ENABLE_MODULES = YES;
				CLANG_ENABLE_OBJC_ARC = YES;
				CLANG_ENABLE_OBJC_WEAK = YES;
				CLANG_WARN_BLOCK_CAPTURE_AUTORELEASING = YES;
				CLANG_WARN_BOOL_CONVERSION = YES;
				CLANG_WARN_COMMA = YES;
				CLANG_WARN_CONSTANT_CONVERSION = YES;
				CLANG_WARN_DEPRECATED_OBJC_IMPLEMENTATIONS = YES;
				CLANG_WARN_DIRECT_OBJC_ISA_USAGE = YES_ERROR;
				CLANG_WARN_DOCUMENTATION_COMMENTS = YES;
				CLANG_WARN_EMPTY_BODY = YES;
				CLANG_WARN_ENUM_CONVERSION = YES;
				CLANG_WARN_INFINITE_RECURSION = YES;
				CLANG_WARN_INT_CONVERSION = YES;
				CLANG_WARN_NON_LITERAL_NULL_CONVERSION = YES;
				CLANG_WARN_OBJC_IMPLICIT_RETAIN_SELF = YES;
				CLANG_WARN_OBJC_LITERAL_CONVERSION = YES;
				CLANG_WARN_OBJC_ROOT_CLASS = YES_ERROR;
				CLANG_WARN_QUOTED_INCLUDE_IN_FRAMEWORK_HEADER = YES;
				CLANG_WARN_RANGE_LOOP_ANALYSIS = YES;
				CLANG_WARN_STRICT_PROTOTYPES = YES;
				CLANG_WARN_SUSPICIOUS_MOVE = YES;
				CLANG_WARN_UNGUARDED_AVAILABILITY = YES_AGGRESSIVE;
				CLANG_WARN_UNREACHABLE_CODE = YES;
				CLANG_WARN__DUPLICATE_METHOD_MATCH = YES;
				COPY_PHASE_STRIP = NO;
				DEBUG_INFORMATION_FORMAT = dwarf;
				ENABLE_STRICT_OBJC_MSGSEND = YES;
				ENABLE_TESTABILITY = YES;
				GCC_C_LANGUAGE_STANDARD = gnu11;
				GCC_DYNAMIC_NO_PIC = NO;
				GCC_NO_COMMON_BLOCKS = YES;
				GCC_OPTIMIZATION_LEVEL = 0;
				GCC_PREPROCESSOR_DEFINITIONS = (
					"DEBUG=1",
					"$(inherited)",
				);
				GCC_WARN_64_TO_32_BIT_CONVERSION = YES;
				GCC_WARN_ABOUT_RETURN_TYPE = YES_ERROR;
				GCC_WARN_UNDECLARED_SELECTOR = YES;
				GCC_WARN_UNINITIALIZED_AUTOS = YES_AGGRESSIVE;
				GCC_WARN_UNUSED_FUNCTION = YES;
				GCC_WARN_UNUSED_VARIABLE = YES;
				IPHONEOS_DEPLOYMENT_TARGET = 16.4;
				MTL_ENABLE_DEBUG_INFO = INCLUDE_SOURCE;
				MTL_FAST_MATH = YES;
				ONLY_ACTIVE_ARCH = YES;
				SDKROOT = iphoneos;
				SWIFT_ACTIVE_COMPILATION_CONDITIONS = DEBUG;
				SWIFT_OPTIMIZATION_LEVEL = "-Onone";
			};
			name = Debug;
		};
		0AA037052A7A5D72008FB4BB /* Release */ = {
			isa = XCBuildConfiguration;
			buildSettings = {
				ALWAYS_SEARCH_USER_PATHS = NO;
				CLANG_ANALYZER_NONNULL = YES;
				CLANG_ANALYZER_NUMBER_OBJECT_CONVERSION = YES_AGGRESSIVE;
				CLANG_CXX_LANGUAGE_STANDARD = "gnu++20";
				CLANG_ENABLE_MODULES = YES;
				CLANG_ENABLE_OBJC_ARC = YES;
				CLANG_ENABLE_OBJC_WEAK = YES;
				CLANG_WARN_BLOCK_CAPTURE_AUTORELEASING = YES;
				CLANG_WARN_BOOL_CONVERSION = YES;
				CLANG_WARN_COMMA = YES;
				CLANG_WARN_CONSTANT_CONVERSION = YES;
				CLANG_WARN_DEPRECATED_OBJC_IMPLEMENTATIONS = YES;
				CLANG_WARN_DIRECT_OBJC_ISA_USAGE = YES_ERROR;
				CLANG_WARN_DOCUMENTATION_COMMENTS = YES;
				CLANG_WARN_EMPTY_BODY = YES;
				CLANG_WARN_ENUM_CONVERSION = YES;
				CLANG_WARN_INFINITE_RECURSION = YES;
				CLANG_WARN_INT_CONVERSION = YES;
				CLANG_WARN_NON_LITERAL_NULL_CONVERSION = YES;
				CLANG_WARN_OBJC_IMPLICIT_RETAIN_SELF = YES;
				CLANG_WARN_OBJC_LITERAL_CONVERSION = YES;
				CLANG_WARN_OBJC_ROOT_CLASS = YES_ERROR;
				CLANG_WARN_QUOTED_INCLUDE_IN_FRAMEWORK_HEADER = YES;
				CLANG_WARN_RANGE_LOOP_ANALYSIS = YES;
				CLANG_WARN_STRICT_PROTOTYPES = YES;
				CLANG_WARN_SUSPICIOUS_MOVE = YES;
				CLANG_WARN_UNGUARDED_AVAILABILITY = YES_AGGRESSIVE;
				CLANG_WARN_UNREACHABLE_CODE = YES;
				CLANG_WARN__DUPLICATE_METHOD_MATCH = YES;
				COPY_PHASE_STRIP = NO;
				DEBUG_INFORMATION_FORMAT = "dwarf-with-dsym";
				ENABLE_NS_ASSERTIONS = NO;
				ENABLE_STRICT_OBJC_MSGSEND = YES;
				GCC_C_LANGUAGE_STANDARD = gnu11;
				GCC_NO_COMMON_BLOCKS = YES;
				GCC_WARN_64_TO_32_BIT_CONVERSION = YES;
				GCC_WARN_ABOUT_RETURN_TYPE = YES_ERROR;
				GCC_WARN_UNDECLARED_SELECTOR = YES;
				GCC_WARN_UNINITIALIZED_AUTOS = YES_AGGRESSIVE;
				GCC_WARN_UNUSED_FUNCTION = YES;
				GCC_WARN_UNUSED_VARIABLE = YES;
				IPHONEOS_DEPLOYMENT_TARGET = 16.4;
				MTL_ENABLE_DEBUG_INFO = NO;
				MTL_FAST_MATH = YES;
				SDKROOT = iphoneos;
				SWIFT_COMPILATION_MODE = wholemodule;
				SWIFT_OPTIMIZATION_LEVEL = "-O";
				VALIDATE_PRODUCT = YES;
			};
			name = Release;
		};
		0AA037072A7A5D72008FB4BB /* Debug */ = {
			isa = XCBuildConfiguration;
			buildSettings = {
				ASSETCATALOG_COMPILER_APPICON_NAME = AppIcon;
				ASSETCATALOG_COMPILER_GLOBAL_ACCENT_COLOR_NAME = AccentColor;
				CODE_SIGN_STYLE = Automatic;
				CURRENT_PROJECT_VERSION = 1;
				DEVELOPMENT_TEAM = 4N684VBLPX;
				GENERATE_INFOPLIST_FILE = YES;
				INFOPLIST_FILE = testCars/Resources/Info.plist;
				INFOPLIST_KEY_UIApplicationSupportsIndirectInputEvents = YES;
				INFOPLIST_KEY_UILaunchStoryboardName = LaunchScreen;
				INFOPLIST_KEY_UISupportedInterfaceOrientations = UIInterfaceOrientationPortrait;
				IPHONEOS_DEPLOYMENT_TARGET = 13.0;
				LD_RUNPATH_SEARCH_PATHS = (
					"$(inherited)",
					"@executable_path/Frameworks",
				);
				MARKETING_VERSION = 1.0;
				PRODUCT_BUNDLE_IDENTIFIER = "com.Dimon7-tr.testCars.testCars";
				PRODUCT_NAME = "$(TARGET_NAME)";
				SWIFT_EMIT_LOC_STRINGS = YES;
				SWIFT_VERSION = 5.0;
				TARGETED_DEVICE_FAMILY = "1,2";
			};
			name = Debug;
		};
		0AA037082A7A5D72008FB4BB /* Release */ = {
			isa = XCBuildConfiguration;
			buildSettings = {
				ASSETCATALOG_COMPILER_APPICON_NAME = AppIcon;
				ASSETCATALOG_COMPILER_GLOBAL_ACCENT_COLOR_NAME = AccentColor;
				CODE_SIGN_STYLE = Automatic;
				CURRENT_PROJECT_VERSION = 1;
				DEVELOPMENT_TEAM = 4N684VBLPX;
				GENERATE_INFOPLIST_FILE = YES;
				INFOPLIST_FILE = testCars/Resources/Info.plist;
				INFOPLIST_KEY_UIApplicationSupportsIndirectInputEvents = YES;
				INFOPLIST_KEY_UILaunchStoryboardName = LaunchScreen;
				INFOPLIST_KEY_UISupportedInterfaceOrientations = UIInterfaceOrientationPortrait;
				IPHONEOS_DEPLOYMENT_TARGET = 13.0;
				LD_RUNPATH_SEARCH_PATHS = (
					"$(inherited)",
					"@executable_path/Frameworks",
				);
				MARKETING_VERSION = 1.0;
				PRODUCT_BUNDLE_IDENTIFIER = "com.Dimon7-tr.testCars.testCars";
				PRODUCT_NAME = "$(TARGET_NAME)";
				SWIFT_EMIT_LOC_STRINGS = YES;
				SWIFT_VERSION = 5.0;
				TARGETED_DEVICE_FAMILY = "1,2";
			};
			name = Release;
		};
/* End XCBuildConfiguration section */

/* Begin XCConfigurationList section */
		0AA036ED2A7A5D6F008FB4BB /* Build configuration list for PBXProject "testCars" */ = {
			isa = XCConfigurationList;
			buildConfigurations = (
				0AA037042A7A5D72008FB4BB /* Debug */,
				0AA037052A7A5D72008FB4BB /* Release */,
			);
			defaultConfigurationIsVisible = 0;
			defaultConfigurationName = Release;
		};
		0AA037062A7A5D72008FB4BB /* Build configuration list for PBXNativeTarget "testCars" */ = {
			isa = XCConfigurationList;
			buildConfigurations = (
				0AA037072A7A5D72008FB4BB /* Debug */,
				0AA037082A7A5D72008FB4BB /* Release */,
			);
			defaultConfigurationIsVisible = 0;
			defaultConfigurationName = Release;
		};
/* End XCConfigurationList section */
	};
	rootObject = 0AA036EA2A7A5D6F008FB4BB /* Project object */;
}
